{
  "nodes": {
    "flake-compat": {
      "flake": false,
      "locked": {
        "lastModified": 1673956053,
        "narHash": "sha256-4gtG9iQuiKITOjNQQeQIpoIB6b16fm+504Ch3sNKLd8=",
        "owner": "edolstra",
        "repo": "flake-compat",
        "rev": "35bb57c0c8d8b62bbfd284272c928ceb64ddbde9",
        "type": "github"
      },
      "original": {
        "owner": "edolstra",
        "repo": "flake-compat",
        "type": "github"
      }
    },
    "flake-utils": {
      "locked": {
        "lastModified": 1667395993,
        "narHash": "sha256-nuEHfE/LcWyuSWnS8t12N1wc105Qtau+/OdUAjtQ0rA=",
        "owner": "numtide",
        "repo": "flake-utils",
        "rev": "5aed5285a952e0b949eb3ba02c12fa4fcfef535f",
        "type": "github"
      },
      "original": {
        "owner": "numtide",
        "repo": "flake-utils",
        "type": "github"
      }
    },
    "flake-utils_2": {
      "inputs": {
        "systems": "systems"
      },
      "locked": {
        "lastModified": 1681202837,
        "narHash": "sha256-H+Rh19JDwRtpVPAWp64F+rlEtxUWBAQW28eAi3SRSzg=",
        "owner": "numtide",
        "repo": "flake-utils",
        "rev": "cfacdce06f30d2b68473a46042957675eebb3401",
        "type": "github"
      },
      "original": {
        "owner": "numtide",
        "repo": "flake-utils",
        "type": "github"
      }
    },
    "flake-utils_3": {
      "inputs": {
        "systems": "systems_2"
      },
      "locked": {
        "lastModified": 1681202837,
        "narHash": "sha256-H+Rh19JDwRtpVPAWp64F+rlEtxUWBAQW28eAi3SRSzg=",
        "owner": "numtide",
        "repo": "flake-utils",
        "rev": "cfacdce06f30d2b68473a46042957675eebb3401",
        "type": "github"
      },
      "original": {
        "owner": "numtide",
        "repo": "flake-utils",
        "type": "github"
      }
    },
    "flake-utils_4": {
      "inputs": {
        "systems": "systems_3"
      },
      "locked": {
        "lastModified": 1681202837,
        "narHash": "sha256-H+Rh19JDwRtpVPAWp64F+rlEtxUWBAQW28eAi3SRSzg=",
        "owner": "numtide",
        "repo": "flake-utils",
        "rev": "cfacdce06f30d2b68473a46042957675eebb3401",
        "type": "github"
      },
      "original": {
        "owner": "numtide",
        "repo": "flake-utils",
        "type": "github"
      }
    },
    "git-ignore-nix": {
      "inputs": {
        "nixpkgs": "nixpkgs_5"
      },
      "locked": {
        "lastModified": 1660459072,
        "narHash": "sha256-8DFJjXG8zqoONA1vXtgeKXy68KdJL5UaXR8NtVMUbx8=",
        "owner": "hercules-ci",
        "repo": "gitignore.nix",
        "rev": "a20de23b925fd8264fd7fad6454652e142fd7f73",
        "type": "github"
      },
      "original": {
        "owner": "hercules-ci",
        "ref": "master",
        "repo": "gitignore.nix",
        "type": "github"
      }
    },
    "git-ignore-nix_2": {
      "inputs": {
        "nixpkgs": "nixpkgs_7"
      },
      "locked": {
        "lastModified": 1660459072,
        "narHash": "sha256-8DFJjXG8zqoONA1vXtgeKXy68KdJL5UaXR8NtVMUbx8=",
        "owner": "hercules-ci",
        "repo": "gitignore.nix",
        "rev": "a20de23b925fd8264fd7fad6454652e142fd7f73",
        "type": "github"
      },
      "original": {
        "owner": "hercules-ci",
        "ref": "master",
        "repo": "gitignore.nix",
        "type": "github"
      }
    },
    "home-manager": {
      "inputs": {
        "nixpkgs": [
          "nixpkgs"
        ]
      },
      "locked": {
        "lastModified": 1682347289,
        "narHash": "sha256-BQHY4lzS3Tkx4XLmZPR5FSjKWMP+cKNtUM8pTC4L9Ek=",
        "owner": "nix-community",
        "repo": "home-manager",
        "rev": "0263da497eae3246ea15ed6f0f7875bc15592cef",
        "type": "github"
      },
      "original": {
        "owner": "nix-community",
        "ref": "master",
        "repo": "home-manager",
        "type": "github"
      }
    },
    "hyprland": {
      "inputs": {
        "hyprland-protocols": "hyprland-protocols",
        "nixpkgs": "nixpkgs",
        "wlroots": "wlroots",
        "xdph": "xdph"
      },
      "locked": {
        "lastModified": 1682374992,
        "narHash": "sha256-kUKN01bcoVOs5R4PoN8vZKCBvbgffuF09DiXKsgwmCs=",
        "owner": "hyprwm",
        "repo": "Hyprland",
        "rev": "e195a51cd4dd1cb15a04d9b67e3aec67199c5bea",
        "type": "github"
      },
      "original": {
        "owner": "hyprwm",
        "repo": "Hyprland",
        "type": "github"
      }
    },
    "hyprland-protocols": {
      "inputs": {
        "nixpkgs": [
          "hyprland",
          "nixpkgs"
        ]
      },
      "locked": {
        "lastModified": 1681065697,
        "narHash": "sha256-QPzwwlGKX95tl6ZEshboZbEwwAXww6lNLdVYd6T9Mrc=",
        "owner": "hyprwm",
        "repo": "hyprland-protocols",
        "rev": "4d29e48433270a2af06b8bc711ca1fe5109746cd",
        "type": "github"
      },
      "original": {
        "owner": "hyprwm",
        "repo": "hyprland-protocols",
        "type": "github"
      }
    },
    "neovim-flake": {
      "inputs": {
        "flake-utils": "flake-utils",
        "nixpkgs": [
          "nvim-nightly",
          "nixpkgs"
        ]
      },
      "locked": {
        "dir": "contrib",
        "lastModified": 1682391904,
        "narHash": "sha256-ynDI7jyKf+hM8AqbTLuNKNbrsm8mzcS3m9GPMTuKoKY=",
        "owner": "neovim",
        "repo": "neovim",
        "rev": "a4b2400804355e99813f39a6b38d8f38667f8bdd",
        "type": "github"
      },
      "original": {
        "dir": "contrib",
        "owner": "neovim",
        "repo": "neovim",
        "type": "github"
      }
    },
    "nixpkgs": {
      "locked": {
        "lastModified": 1681920287,
        "narHash": "sha256-+/d6XQQfhhXVfqfLROJoqj3TuG38CAeoT6jO1g9r1k0=",
        "owner": "NixOS",
        "repo": "nixpkgs",
        "rev": "645bc49f34fa8eff95479f0345ff57e55b53437e",
        "type": "github"
      },
      "original": {
        "owner": "NixOS",
        "ref": "nixos-unstable",
        "repo": "nixpkgs",
        "type": "github"
      }
    },
    "nixpkgs-unstable": {
      "locked": {
        "lastModified": 1682109806,
        "narHash": "sha256-d9g7RKNShMLboTWwukM+RObDWWpHKaqTYXB48clBWXI=",
        "owner": "NixOS",
        "repo": "nixpkgs",
        "rev": "2362848adf8def2866fabbffc50462e929d7fffb",
        "type": "github"
      },
      "original": {
        "id": "nixpkgs",
        "ref": "nixpkgs-unstable",
        "type": "indirect"
      }
    },
    "nixpkgs_2": {
      "locked": {
        "lastModified": 1682362401,
        "narHash": "sha256-/UMUHtF2CyYNl4b60Z2y4wwTTdIWGKhj9H301EDcT9M=",
        "owner": "NixOS",
        "repo": "nixpkgs",
        "rev": "884ac294018409e0d1adc0cae185439a44bd6b0b",
        "type": "github"
      },
      "original": {
        "id": "nixpkgs",
        "ref": "nixos-unstable",
        "type": "indirect"
      }
    },
    "nixpkgs_3": {
      "locked": {
        "lastModified": 1682423271,
        "narHash": "sha256-WHhl1GiOij1ob4cTLL+yhqr+vFOUH8E5wAX8Ir8fvjE=",
        "owner": "nixos",
        "repo": "nixpkgs",
        "rev": "94517a501434a627c5d9e72ac6e7f26174b978d3",
        "type": "github"
      },
      "original": {
        "owner": "nixos",
        "ref": "nixpkgs-unstable",
        "repo": "nixpkgs",
        "type": "github"
      }
    },
    "nixpkgs_4": {
      "locked": {
        "lastModified": 1681358109,
        "narHash": "sha256-eKyxW4OohHQx9Urxi7TQlFBTDWII+F+x2hklDOQPB50=",
        "owner": "NixOS",
        "repo": "nixpkgs",
        "rev": "96ba1c52e54e74c3197f4d43026b3f3d92e83ff9",
        "type": "github"
      },
      "original": {
        "owner": "NixOS",
        "ref": "nixpkgs-unstable",
        "repo": "nixpkgs",
        "type": "github"
      }
    },
    "nixpkgs_5": {
      "locked": {
        "lastModified": 1632846328,
        "narHash": "sha256-sFi6YtlGK30TBB9o6CW7LG9mYHkgtKeWbSLAjjrNTX0=",
        "owner": "NixOS",
        "repo": "nixpkgs",
        "rev": "2b71ddd869ad592510553d09fe89c9709fa26b2b",
        "type": "github"
      },
      "original": {
        "id": "nixpkgs",
        "type": "indirect"
      }
    },
    "nixpkgs_6": {
      "locked": {
        "lastModified": 1682362401,
        "narHash": "sha256-/UMUHtF2CyYNl4b60Z2y4wwTTdIWGKhj9H301EDcT9M=",
        "path": "/nix/store/q3l9x3ncgi0hppw0i65ki9jrxj8kmgac-source",
        "rev": "884ac294018409e0d1adc0cae185439a44bd6b0b",
        "type": "path"
      },
      "original": {
        "id": "nixpkgs",
        "type": "indirect"
      }
    },
    "nixpkgs_7": {
      "locked": {
        "lastModified": 1632846328,
        "narHash": "sha256-sFi6YtlGK30TBB9o6CW7LG9mYHkgtKeWbSLAjjrNTX0=",
        "owner": "NixOS",
        "repo": "nixpkgs",
        "rev": "2b71ddd869ad592510553d09fe89c9709fa26b2b",
        "type": "github"
      },
      "original": {
        "id": "nixpkgs",
        "type": "indirect"
      }
    },
    "nixpkgs_8": {
      "locked": {
        "lastModified": 1682362401,
        "narHash": "sha256-/UMUHtF2CyYNl4b60Z2y4wwTTdIWGKhj9H301EDcT9M=",
        "path": "/nix/store/q3l9x3ncgi0hppw0i65ki9jrxj8kmgac-source",
        "rev": "884ac294018409e0d1adc0cae185439a44bd6b0b",
        "type": "path"
      },
      "original": {
        "id": "nixpkgs",
        "type": "indirect"
      }
    },
    "nvim-dir": {
      "flake": false,
      "locked": {
        "lastModified": 1682425115,
        "narHash": "sha256-NoyahdiwqCi9j0cTAI8lApnjyDWcujT7Ifaln5DW/LI=",
        "ref": "refs/heads/master",
        "rev": "e165b9ee165807552987815382bf2bbf2381ae2f",
        "revCount": 52,
        "submodules": true,
        "type": "git",
        "url": "https://github.com/rolfst/nvim.git?rev=e165b9ee165807552987815382bf2bbf2381ae2f"
      },
      "original": {
        "submodules": true,
        "type": "git",
        "url": "https://github.com/rolfst/nvim.git?rev=e165b9ee165807552987815382bf2bbf2381ae2f"
      }
    },
    "nvim-nightly": {
      "inputs": {
        "flake-compat": "flake-compat",
        "neovim-flake": "neovim-flake",
        "nixpkgs": "nixpkgs_3"
      },
      "locked": {
        "lastModified": 1682410414,
        "narHash": "sha256-HuG30yRYvuR2tlpzsz9Je8UB35DFpJfjw345pH4Tw88=",
        "owner": "nix-community",
        "repo": "neovim-nightly-overlay",
        "rev": "44afbe3da2dc93ac2d5428783b1b1e32f693631c",
        "type": "github"
      },
      "original": {
        "owner": "nix-community",
        "repo": "neovim-nightly-overlay",
        "type": "github"
      }
    },
    "root": {
      "inputs": {
        "home-manager": "home-manager",
        "hyprland": "hyprland",
        "nixpkgs": "nixpkgs_2",
        "nixpkgs-unstable": "nixpkgs-unstable",
        "nvim-dir": "nvim-dir",
        "nvim-nightly": "nvim-nightly",
        "rust": "rust",
        "xmonad-contrib": "xmonad-contrib"
      }
    },
    "rust": {
      "inputs": {
        "flake-utils": "flake-utils_2",
        "nixpkgs": "nixpkgs_4"
      },
      "locked": {
        "lastModified": 1682389182,
        "narHash": "sha256-8t2nmFnH+8V48+IJsf8AK51ebXNlVbOSVYOpiqJKvJE=",
        "owner": "oxalica",
        "repo": "rust-overlay",
        "rev": "74f1a64dd28faeeb85ef081f32cad2989850322c",
        "type": "github"
      },
      "original": {
        "owner": "oxalica",
        "repo": "rust-overlay",
        "type": "github"
      }
    },
    "systems": {
      "locked": {
        "lastModified": 1681028828,
        "narHash": "sha256-Vy1rq5AaRuLzOxct8nz4T6wlgyUR7zLU309k9mBC768=",
        "owner": "nix-systems",
        "repo": "default",
        "rev": "da67096a3b9bf56a91d16901293e51ba5b49a27e",
        "type": "github"
      },
      "original": {
        "owner": "nix-systems",
        "repo": "default",
        "type": "github"
      }
    },
    "systems_2": {
      "locked": {
        "lastModified": 1681028828,
        "narHash": "sha256-Vy1rq5AaRuLzOxct8nz4T6wlgyUR7zLU309k9mBC768=",
        "owner": "nix-systems",
        "repo": "default",
        "rev": "da67096a3b9bf56a91d16901293e51ba5b49a27e",
        "type": "github"
      },
      "original": {
        "owner": "nix-systems",
        "repo": "default",
        "type": "github"
      }
    },
    "systems_3": {
      "locked": {
        "lastModified": 1681028828,
        "narHash": "sha256-Vy1rq5AaRuLzOxct8nz4T6wlgyUR7zLU309k9mBC768=",
        "owner": "nix-systems",
        "repo": "default",
        "rev": "da67096a3b9bf56a91d16901293e51ba5b49a27e",
        "type": "github"
      },
      "original": {
        "owner": "nix-systems",
        "repo": "default",
        "type": "github"
      }
    },
    "unstable": {
      "locked": {
        "lastModified": 1682362401,
        "narHash": "sha256-/UMUHtF2CyYNl4b60Z2y4wwTTdIWGKhj9H301EDcT9M=",
        "owner": "NixOS",
        "repo": "nixpkgs",
        "rev": "884ac294018409e0d1adc0cae185439a44bd6b0b",
        "type": "github"
      },
      "original": {
        "owner": "NixOS",
        "ref": "nixos-unstable",
        "repo": "nixpkgs",
        "type": "github"
      }
    },
    "wlroots": {
      "flake": false,
      "locked": {
        "host": "gitlab.freedesktop.org",
        "lastModified": 1681806570,
        "narHash": "sha256-Q3En42poeOlVJz4K1rg7p7hrlNCpC0dQy91R4Ucoapc=",
        "owner": "wlroots",
        "repo": "wlroots",
        "rev": "00489b11a0d926058d23584e2ad0e2b64f5b7406",
        "type": "gitlab"
      },
      "original": {
        "host": "gitlab.freedesktop.org",
        "owner": "wlroots",
        "repo": "wlroots",
        "type": "gitlab"
      }
    },
    "xdph": {
      "inputs": {
        "hyprland-protocols": [
          "hyprland",
          "hyprland-protocols"
        ],
        "nixpkgs": [
          "hyprland",
          "nixpkgs"
        ]
      },
      "locked": {
        "lastModified": 1681489757,
        "narHash": "sha256-FxgZ2jBU+wmbjIv7F4N5Jx6h+LD4aQ+bXHrzrbxapJk=",
        "owner": "hyprwm",
        "repo": "xdg-desktop-portal-hyprland",
        "rev": "bf035bf3d5b56fd3da9d11966ad0b3c57f852d78",
        "type": "github"
      },
      "original": {
        "owner": "hyprwm",
        "repo": "xdg-desktop-portal-hyprland",
        "type": "github"
      }
    },
    "xmonad": {
      "inputs": {
        "flake-utils": "flake-utils_4",
        "git-ignore-nix": "git-ignore-nix_2",
        "nixpkgs": "nixpkgs_8",
        "unstable": "unstable"
      },
      "locked": {
        "lastModified": 1680526130,
        "narHash": "sha256-tMdjzyse7G/xo2RdSV8haqe2R1YuPJKtqrOneRFoPqE=",
        "owner": "xmonad",
        "repo": "xmonad",
        "rev": "eeac754ac76dabf115deecb545e52a55f9dbbd02",
        "type": "github"
      },
      "original": {
        "owner": "xmonad",
        "repo": "xmonad",
        "type": "github"
      }
    },
    "xmonad-contrib": {
      "inputs": {
        "flake-utils": "flake-utils_3",
        "git-ignore-nix": "git-ignore-nix",
        "nixpkgs": "nixpkgs_6",
        "xmonad": "xmonad"
      },
      "locked": {
        "lastModified": 1670397956,
        "narHash": "sha256-Ok/8+24EUtQJyAkIJpsP5TchkeAYjQUsIHUs0oZgTA4=",
        "owner": "icy-thought",
        "repo": "xmonad-contrib",
        "rev": "a55f7b2a7c21a791e30d6d409db8422af9e6d6ac",
        "type": "github"
      },
      "original": {
        "owner": "icy-thought",
        "repo": "xmonad-contrib",
        "type": "github"
      }
    }
  },
  "root": "root",
  "version": 7
}
